
Microsoft Visual Studio Solution File, Format Version 12.00
# Visual Studio 15
VisualStudioVersion = 15.0.28307.705
MinimumVisualStudioVersion = 10.0.40219.1
Project("{FAE04EC0-301F-11D3-BF4B-00C04F79EFBC}") = "TATI", "TATI\TATI.csproj", "{E12ED88D-D90E-4B1D-955C-9FB37E3B9BF7}"
EndProject
Global
	GlobalSection(SolutionConfigurationPlatforms) = preSolution
		Debug|Any CPU = Debug|Any CPU
		Release|Any CPU = Release|Any CPU
	EndGlobalSection
	GlobalSection(ProjectConfigurationPlatforms) = postSolution
		{E12ED88D-D90E-4B1D-955C-9FB37E3B9BF7}.Debug|Any CPU.ActiveCfg = Debug|Any CPU
		{E12ED88D-D90E-4B1D-955C-9FB37E3B9BF7}.Debug|Any CPU.Build.0 = Debug|Any CPU
		{E12ED88D-D90E-4B1D-955C-9FB37E3B9BF7}.Release|Any CPU.ActiveCfg = Release|Any CPU
		{E12ED88D-D90E-4B1D-955C-9FB37E3B9BF7}.Release|Any CPU.Build.0 = Release|Any CPU
	EndGlobalSection
	GlobalSection(SolutionProperties) = preSolution
		HideSolutionNode = FALSE
	EndGlobalSection
	GlobalSection(ExtensibilityGlobals) = postSolution
		SolutionGuid = {7E417729-E60A-4CEA-8D88-D1AB5CA2E29B}
	EndGlobalSection
EndGlobal
